
Microsoft Visual Studio Solution File, Format Version 12.00
# Visual Studio Version 16
VisualStudioVersion = 16.0.31321.278
MinimumVisualStudioVersion = 10.0.40219.1
Project("{FAE04EC0-301F-11D3-BF4B-00C04F79EFBC}") = "Tasky", "Tasky.csproj", "{DC126397-C009-4D74-8219-D6FC1906F2FA}"
EndProject
Global
	GlobalSection(SolutionConfigurationPlatforms) = preSolution
		Debug|Any CPU = Debug|Any CPU
		Release|Any CPU = Release|Any CPU
	EndGlobalSection
	GlobalSection(ProjectConfigurationPlatforms) = postSolution
		{DC126397-C009-4D74-8219-D6FC1906F2FA}.Debug|Any CPU.ActiveCfg = Debug|Any CPU
		{DC126397-C009-4D74-8219-D6FC1906F2FA}.Debug|Any CPU.Build.0 = Debug|Any CPU
		{DC126397-C009-4D74-8219-D6FC1906F2FA}.Release|Any CPU.ActiveCfg = Release|Any CPU
		{DC126397-C009-4D74-8219-D6FC1906F2FA}.Release|Any CPU.Build.0 = Release|Any CPU
	EndGlobalSection
	GlobalSection(SolutionProperties) = preSolution
		HideSolutionNode = FALSE
	EndGlobalSection
	GlobalSection(ExtensibilityGlobals) = postSolution
		SolutionGuid = {A8022877-86C1-4637-9557-3CA6D3EBFDC2}
	EndGlobalSection
EndGlobal
